{
  "dependencies": {
    "express": {
      "version": "3.0.0",
      "dependencies": {
        "connect": {
          "version": "2.6.0",
          "dependencies": {
            "qs": {
              "version": "0.5.1"
            },
            "formidable": {
              "version": "1.0.11"
            },
            "bytes": {
              "version": "0.1.0"
            },
            "send": {
              "version": "0.0.4",
              "dependencies": {
                "mime": {
                  "version": "1.2.6"
                }
              }
            },
            "pause": {
              "version": "0.0.1"
            }
          }
        },
        "commander": {
          "version": "0.6.1"
        },
        "range-parser": {
          "version": "0.0.4"
        },
        "mkdirp": {
          "version": "0.3.3"
        },
        "cookie": {
          "version": "0.0.4"
        },
        "crc": {
          "version": "0.2.0"
        },
        "fresh": {
          "version": "0.1.0"
        },
        "methods": {
          "version": "0.0.1"
        },
        "send": {
          "version": "0.1.0",
          "dependencies": {
            "mime": {
              "version": "1.2.6"
            }
          }
        },
        "debug": {
          "version": "0.7.0"
        }
      }
    },
    "socket.io": {
      "version": "0.9.10",
      "dependencies": {
        "socket.io-client": {
          "version": "0.9.10",
          "dependencies": {
            "uglify-js": {
              "version": "1.2.5"
            },
            "ws": {
              "version": "0.4.22",
              "dependencies": {
                "commander": {
                  "version": "0.6.1"
                },
                "tinycolor": {
                  "version": "0.0.1"
                },
                "options": {
                  "version": "0.0.3"
                }
              }
            },
            "xmlhttprequest": {
              "version": "1.4.2"
            },
            "active-x-obfuscator": {
              "version": "0.0.1",
              "dependencies": {
                "zeparser": {
                  "version": "0.0.5"
                }
              }
            }
          }
        },
        "policyfile": {
          "version": "0.0.4"
        },
        "redis": {
          "version": "0.7.2"
        }
      }
    }
  }
}
